
Microsoft Visual Studio Solution File, Format Version 12.00
# Visual Studio Version 17
VisualStudioVersion = 17.6.33815.320
MinimumVisualStudioVersion = 10.0.40219.1
Project("{FAE04EC0-301F-11D3-BF4B-00C04F79EFBC}") = "SebessegSzamolo", "SebessegSzamolo\SebessegSzamolo.csproj", "{01C0B208-7B46-4EFD-ADF6-605E1B504C7B}"
EndProject
Global
	GlobalSection(SolutionConfigurationPlatforms) = preSolution
		Debug|Any CPU = Debug|Any CPU
		Release|Any CPU = Release|Any CPU
	EndGlobalSection
	GlobalSection(ProjectConfigurationPlatforms) = postSolution
		{01C0B208-7B46-4EFD-ADF6-605E1B504C7B}.Debug|Any CPU.ActiveCfg = Debug|Any CPU
		{01C0B208-7B46-4EFD-ADF6-605E1B504C7B}.Debug|Any CPU.Build.0 = Debug|Any CPU
		{01C0B208-7B46-4EFD-ADF6-605E1B504C7B}.Release|Any CPU.ActiveCfg = Release|Any CPU
		{01C0B208-7B46-4EFD-ADF6-605E1B504C7B}.Release|Any CPU.Build.0 = Release|Any CPU
	EndGlobalSection
	GlobalSection(SolutionProperties) = preSolution
		HideSolutionNode = FALSE
	EndGlobalSection
	GlobalSection(ExtensibilityGlobals) = postSolution
		SolutionGuid = {2C78A532-EE8F-4506-9360-A5E264EF27C0}
	EndGlobalSection
EndGlobal
